// !$*UTF8*$!
{
	archiveVersion = 1;
	classes = {
	};
	objectVersion = 46;
	objects = {

/* Begin PBXBuildFile section */
		412214C718FA58DA0091CF7C /* Foundation.framework in Frameworks */ = {isa = PBXBuildFile; fileRef = 412214C618FA58DA0091CF7C /* Foundation.framework */; };
		412214C918FA58DA0091CF7C /* CoreGraphics.framework in Frameworks */ = {isa = PBXBuildFile; fileRef = 412214C818FA58DA0091CF7C /* CoreGraphics.framework */; };
		412214CB18FA58DA0091CF7C /* UIKit.framework in Frameworks */ = {isa = PBXBuildFile; fileRef = 412214CA18FA58DA0091CF7C /* UIKit.framework */; };
		412214CD18FA58DA0091CF7C /* CoreData.framework in Frameworks */ = {isa = PBXBuildFile; fileRef = 412214CC18FA58DA0091CF7C /* CoreData.framework */; };
		412214D318FA58DA0091CF7C /* InfoPlist.strings in Resources */ = {isa = PBXBuildFile; fileRef = 412214D118FA58DA0091CF7C /* InfoPlist.strings */; };
		412214D518FA58DA0091CF7C /* main.m in Sources */ = {isa = PBXBuildFile; fileRef = 412214D418FA58DA0091CF7C /* main.m */; };
		412214D918FA58DA0091CF7C /* AppDelegate.m in Sources */ = {isa = PBXBuildFile; fileRef = 412214D818FA58DA0091CF7C /* AppDelegate.m */; };
		412214DC18FA58DA0091CF7C /* Notepad.xcdatamodeld in Sources */ = {isa = PBXBuildFile; fileRef = 412214DA18FA58DA0091CF7C /* Notepad.xcdatamodeld */; };
		412214DE18FA58DA0091CF7C /* Images.xcassets in Resources */ = {isa = PBXBuildFile; fileRef = 412214DD18FA58DA0091CF7C /* Images.xcassets */; };
		412214E518FA58DA0091CF7C /* XCTest.framework in Frameworks */ = {isa = PBXBuildFile; fileRef = 412214E418FA58DA0091CF7C /* XCTest.framework */; };
		412214E618FA58DA0091CF7C /* Foundation.framework in Frameworks */ = {isa = PBXBuildFile; fileRef = 412214C618FA58DA0091CF7C /* Foundation.framework */; };
		412214E718FA58DA0091CF7C /* UIKit.framework in Frameworks */ = {isa = PBXBuildFile; fileRef = 412214CA18FA58DA0091CF7C /* UIKit.framework */; };
		412214E818FA58DA0091CF7C /* CoreData.framework in Frameworks */ = {isa = PBXBuildFile; fileRef = 412214CC18FA58DA0091CF7C /* CoreData.framework */; };
		412214F018FA58DA0091CF7C /* InfoPlist.strings in Resources */ = {isa = PBXBuildFile; fileRef = 412214EE18FA58DA0091CF7C /* InfoPlist.strings */; };
		412214F218FA58DA0091CF7C /* NotepadTests.m in Sources */ = {isa = PBXBuildFile; fileRef = 412214F118FA58DA0091CF7C /* NotepadTests.m */; };
		412214FC18FA59080091CF7C /* Main.storyboard in Resources */ = {isa = PBXBuildFile; fileRef = 412214FB18FA59080091CF7C /* Main.storyboard */; };
		412214FF18FA59470091CF7C /* NoteListTableViewController.m in Sources */ = {isa = PBXBuildFile; fileRef = 412214FE18FA59470091CF7C /* NoteListTableViewController.m */; };
		418C559518FA60560034B617 /* Notes.m in Sources */ = {isa = PBXBuildFile; fileRef = 418C559418FA60560034B617 /* Notes.m */; };
		418C559818FA655F0034B617 /* NoteEditViewController.m in Sources */ = {isa = PBXBuildFile; fileRef = 418C559718FA655F0034B617 /* NoteEditViewController.m */; };
/* End PBXBuildFile section */

/* Begin PBXContainerItemProxy section */
		412214E918FA58DA0091CF7C /* PBXContainerItemProxy */ = {
			isa = PBXContainerItemProxy;
			containerPortal = 412214BB18FA58DA0091CF7C /* Project object */;
			proxyType = 1;
			remoteGlobalIDString = 412214C218FA58DA0091CF7C;
			remoteInfo = Notepad;
		};
/* End PBXContainerItemProxy section */

/* Begin PBXFileReference section */
		412214C318FA58DA0091CF7C /* Notepad.app */ = {isa = PBXFileReference; explicitFileType = wrapper.application; includeInIndex = 0; path = Notepad.app; sourceTree = BUILT_PRODUCTS_DIR; };
		412214C618FA58DA0091CF7C /* Foundation.framework */ = {isa = PBXFileReference; lastKnownFileType = wrapper.framework; name = Foundation.framework; path = System/Library/Frameworks/Foundation.framework; sourceTree = SDKROOT; };
		412214C818FA58DA0091CF7C /* CoreGraphics.framework */ = {isa = PBXFileReference; lastKnownFileType = wrapper.framework; name = CoreGraphics.framework; path = System/Library/Frameworks/CoreGraphics.framework; sourceTree = SDKROOT; };
		412214CA18FA58DA0091CF7C /* UIKit.framework */ = {isa = PBXFileReference; lastKnownFileType = wrapper.framework; name = UIKit.framework; path = System/Library/Frameworks/UIKit.framework; sourceTree = SDKROOT; };
		412214CC18FA58DA0091CF7C /* CoreData.framework */ = {isa = PBXFileReference; lastKnownFileType = wrapper.framework; name = CoreData.framework; path = System/Library/Frameworks/CoreData.framework; sourceTree = SDKROOT; };
		412214D018FA58DA0091CF7C /* Notepad-Info.plist */ = {isa = PBXFileReference; lastKnownFileType = text.plist.xml; path = "Notepad-Info.plist"; sourceTree = "<group>"; };
		412214D218FA58DA0091CF7C /* en */ = {isa = PBXFileReference; lastKnownFileType = text.plist.strings; name = en; path = en.lproj/InfoPlist.strings; sourceTree = "<group>"; };
		412214D418FA58DA0091CF7C /* main.m */ = {isa = PBXFileReference; lastKnownFileType = sourcecode.c.objc; path = main.m; sourceTree = "<group>"; };
		412214D618FA58DA0091CF7C /* Notepad-Prefix.pch */ = {isa = PBXFileReference; lastKnownFileType = sourcecode.c.h; path = "Notepad-Prefix.pch"; sourceTree = "<group>"; };
		412214D718FA58DA0091CF7C /* AppDelegate.h */ = {isa = PBXFileReference; lastKnownFileType = sourcecode.c.h; path = AppDelegate.h; sourceTree = "<group>"; };
		412214D818FA58DA0091CF7C /* AppDelegate.m */ = {isa = PBXFileReference; lastKnownFileType = sourcecode.c.objc; path = AppDelegate.m; sourceTree = "<group>"; };
		412214DB18FA58DA0091CF7C /* Notepad.xcdatamodel */ = {isa = PBXFileReference; lastKnownFileType = wrapper.xcdatamodel; path = Notepad.xcdatamodel; sourceTree = "<group>"; };
		412214DD18FA58DA0091CF7C /* Images.xcassets */ = {isa = PBXFileReference; lastKnownFileType = folder.assetcatalog; path = Images.xcassets; sourceTree = "<group>"; };
		412214E318FA58DA0091CF7C /* NotepadTests.xctest */ = {isa = PBXFileReference; explicitFileType = wrapper.cfbundle; includeInIndex = 0; path = NotepadTests.xctest; sourceTree = BUILT_PRODUCTS_DIR; };
		412214E418FA58DA0091CF7C /* XCTest.framework */ = {isa = PBXFileReference; lastKnownFileType = wrapper.framework; name = XCTest.framework; path = Library/Frameworks/XCTest.framework; sourceTree = DEVELOPER_DIR; };
		412214ED18FA58DA0091CF7C /* NotepadTests-Info.plist */ = {isa = PBXFileReference; lastKnownFileType = text.plist.xml; path = "NotepadTests-Info.plist"; sourceTree = "<group>"; };
		412214EF18FA58DA0091CF7C /* en */ = {isa = PBXFileReference; lastKnownFileType = text.plist.strings; name = en; path = en.lproj/InfoPlist.strings; sourceTree = "<group>"; };
		412214F118FA58DA0091CF7C /* NotepadTests.m */ = {isa = PBXFileReference; lastKnownFileType = sourcecode.c.objc; path = NotepadTests.m; sourceTree = "<group>"; };
		412214FB18FA59080091CF7C /* Main.storyboard */ = {isa = PBXFileReference; fileEncoding = 4; lastKnownFileType = file.storyboard; path = Main.storyboard; sourceTree = "<group>"; };
		412214FD18FA59470091CF7C /* NoteListTableViewController.h */ = {isa = PBXFileReference; fileEncoding = 4; lastKnownFileType = sourcecode.c.h; path = NoteListTableViewController.h; sourceTree = "<group>"; };
		412214FE18FA59470091CF7C /* NoteListTableViewController.m */ = {isa = PBXFileReference; fileEncoding = 4; lastKnownFileType = sourcecode.c.objc; path = NoteListTableViewController.m; sourceTree = "<group>"; };
		418C559318FA60560034B617 /* Notes.h */ = {isa = PBXFileReference; fileEncoding = 4; lastKnownFileType = sourcecode.c.h; name = Notes.h; path = ../Notes.h; sourceTree = "<group>"; };
		418C559418FA60560034B617 /* Notes.m */ = {isa = PBXFileReference; fileEncoding = 4; lastKnownFileType = sourcecode.c.objc; name = Notes.m; path = ../Notes.m; sourceTree = "<group>"; };
		418C559618FA655F0034B617 /* NoteEditViewController.h */ = {isa = PBXFileReference; fileEncoding = 4; lastKnownFileType = sourcecode.c.h; path = NoteEditViewController.h; sourceTree = "<group>"; };
		418C559718FA655F0034B617 /* NoteEditViewController.m */ = {isa = PBXFileReference; fileEncoding = 4; lastKnownFileType = sourcecode.c.objc; path = NoteEditViewController.m; sourceTree = "<group>"; };
/* End PBXFileReference section */

/* Begin PBXFrameworksBuildPhase section */
		412214C018FA58DA0091CF7C /* Frameworks */ = {
			isa = PBXFrameworksBuildPhase;
			buildActionMask = 2147483647;
			files = (
				412214C918FA58DA0091CF7C /* CoreGraphics.framework in Frameworks */,
				412214CD18FA58DA0091CF7C /* CoreData.framework in Frameworks */,
				412214CB18FA58DA0091CF7C /* UIKit.framework in Frameworks */,
				412214C718FA58DA0091CF7C /* Foundation.framework in Frameworks */,
			);
			runOnlyForDeploymentPostprocessing = 0;
		};
		412214E018FA58DA0091CF7C /* Frameworks */ = {
			isa = PBXFrameworksBuildPhase;
			buildActionMask = 2147483647;
			files = (
				412214E518FA58DA0091CF7C /* XCTest.framework in Frameworks */,
				412214E818FA58DA0091CF7C /* CoreData.framework in Frameworks */,
				412214E718FA58DA0091CF7C /* UIKit.framework in Frameworks */,
				412214E618FA58DA0091CF7C /* Foundation.framework in Frameworks */,
			);
			runOnlyForDeploymentPostprocessing = 0;
		};
/* End PBXFrameworksBuildPhase section */

/* Begin PBXGroup section */
		412214BA18FA58DA0091CF7C = {
			isa = PBXGroup;
			children = (
				412214CE18FA58DA0091CF7C /* Notepad */,
				412214EB18FA58DA0091CF7C /* NotepadTests */,
				412214C518FA58DA0091CF7C /* Frameworks */,
				412214C418FA58DA0091CF7C /* Products */,
			);
			sourceTree = "<group>";
		};
		412214C418FA58DA0091CF7C /* Products */ = {
			isa = PBXGroup;
			children = (
				412214C318FA58DA0091CF7C /* Notepad.app */,
				412214E318FA58DA0091CF7C /* NotepadTests.xctest */,
			);
			name = Products;
			sourceTree = "<group>";
		};
		412214C518FA58DA0091CF7C /* Frameworks */ = {
			isa = PBXGroup;
			children = (
				412214C618FA58DA0091CF7C /* Foundation.framework */,
				412214C818FA58DA0091CF7C /* CoreGraphics.framework */,
				412214CA18FA58DA0091CF7C /* UIKit.framework */,
				412214CC18FA58DA0091CF7C /* CoreData.framework */,
				412214E418FA58DA0091CF7C /* XCTest.framework */,
			);
			name = Frameworks;
			sourceTree = "<group>";
		};
		412214CE18FA58DA0091CF7C /* Notepad */ = {
			isa = PBXGroup;
			children = (
				418C559318FA60560034B617 /* Notes.h */,
				418C559418FA60560034B617 /* Notes.m */,
				412214D718FA58DA0091CF7C /* AppDelegate.h */,
				412214D818FA58DA0091CF7C /* AppDelegate.m */,
				412214DD18FA58DA0091CF7C /* Images.xcassets */,
				412214DA18FA58DA0091CF7C /* Notepad.xcdatamodeld */,
				412214CF18FA58DA0091CF7C /* Supporting Files */,
				412214FB18FA59080091CF7C /* Main.storyboard */,
				418C559618FA655F0034B617 /* NoteEditViewController.h */,
				418C559718FA655F0034B617 /* NoteEditViewController.m */,
				412214FD18FA59470091CF7C /* NoteListTableViewController.h */,
				412214FE18FA59470091CF7C /* NoteListTableViewController.m */,
			);
			path = Notepad;
			sourceTree = "<group>";
		};
		412214CF18FA58DA0091CF7C /* Supporting Files */ = {
			isa = PBXGroup;
			children = (
				412214D018FA58DA0091CF7C /* Notepad-Info.plist */,
				412214D118FA58DA0091CF7C /* InfoPlist.strings */,
				412214D418FA58DA0091CF7C /* main.m */,
				412214D618FA58DA0091CF7C /* Notepad-Prefix.pch */,
			);
			name = "Supporting Files";
			sourceTree = "<group>";
		};
		412214EB18FA58DA0091CF7C /* NotepadTests */ = {
			isa = PBXGroup;
			children = (
				412214F118FA58DA0091CF7C /* NotepadTests.m */,
				412214EC18FA58DA0091CF7C /* Supporting Files */,
			);
			path = NotepadTests;
			sourceTree = "<group>";
		};
		412214EC18FA58DA0091CF7C /* Supporting Files */ = {
			isa = PBXGroup;
			children = (
				412214ED18FA58DA0091CF7C /* NotepadTests-Info.plist */,
				412214EE18FA58DA0091CF7C /* InfoPlist.strings */,
			);
			name = "Supporting Files";
			sourceTree = "<group>";
		};
/* End PBXGroup section */

/* Begin PBXNativeTarget section */
		412214C218FA58DA0091CF7C /* Notepad */ = {
			isa = PBXNativeTarget;
			buildConfigurationList = 412214F518FA58DA0091CF7C /* Build configuration list for PBXNativeTarget "Notepad" */;
			buildPhases = (
				412214BF18FA58DA0091CF7C /* Sources */,
				412214C018FA58DA0091CF7C /* Frameworks */,
				412214C118FA58DA0091CF7C /* Resources */,
			);
			buildRules = (
			);
			dependencies = (
			);
			name = Notepad;
			productName = Notepad;
			productReference = 412214C318FA58DA0091CF7C /* Notepad.app */;
			productType = "com.apple.product-type.application";
		};
		412214E218FA58DA0091CF7C /* NotepadTests */ = {
			isa = PBXNativeTarget;
			buildConfigurationList = 412214F818FA58DA0091CF7C /* Build configuration list for PBXNativeTarget "NotepadTests" */;
			buildPhases = (
				412214DF18FA58DA0091CF7C /* Sources */,
				412214E018FA58DA0091CF7C /* Frameworks */,
				412214E118FA58DA0091CF7C /* Resources */,
			);
			buildRules = (
			);
			dependencies = (
				412214EA18FA58DA0091CF7C /* PBXTargetDependency */,
			);
			name = NotepadTests;
			productName = NotepadTests;
			productReference = 412214E318FA58DA0091CF7C /* NotepadTests.xctest */;
			productType = "com.apple.product-type.bundle.unit-test";
		};
/* End PBXNativeTarget section */

/* Begin PBXProject section */
		412214BB18FA58DA0091CF7C /* Project object */ = {
			isa = PBXProject;
			attributes = {
				LastUpgradeCheck = 0510;
				ORGANIZATIONNAME = Edisonthk;
				TargetAttributes = {
					412214E218FA58DA0091CF7C = {
						TestTargetID = 412214C218FA58DA0091CF7C;
					};
				};
			};
			buildConfigurationList = 412214BE18FA58DA0091CF7C /* Build configuration list for PBXProject "Notepad" */;
			compatibilityVersion = "Xcode 3.2";
			developmentRegion = English;
			hasScannedForEncodings = 0;
			knownRegions = (
				en,
			);
			mainGroup = 412214BA18FA58DA0091CF7C;
			productRefGroup = 412214C418FA58DA0091CF7C /* Products */;
			projectDirPath = "";
			projectRoot = "";
			targets = (
				412214C218FA58DA0091CF7C /* Notepad */,
				412214E218FA58DA0091CF7C /* NotepadTests */,
			);
		};
/* End PBXProject section */

/* Begin PBXResourcesBuildPhase section */
		412214C118FA58DA0091CF7C /* Resources */ = {
			isa = PBXResourcesBuildPhase;
			buildActionMask = 2147483647;
			files = (
				412214FC18FA59080091CF7C /* Main.storyboard in Resources */,
				412214D318FA58DA0091CF7C /* InfoPlist.strings in Resources */,
				412214DE18FA58DA0091CF7C /* Images.xcassets in Resources */,
			);
			runOnlyForDeploymentPostprocessing = 0;
		};
		412214E118FA58DA0091CF7C /* Resources */ = {
			isa = PBXResourcesBuildPhase;
			buildActionMask = 2147483647;
			files = (
				412214F018FA58DA0091CF7C /* InfoPlist.strings in Resources */,
			);
			runOnlyForDeploymentPostprocessing = 0;
		};
/* End PBXResourcesBuildPhase section */

/* Begin PBXSourcesBuildPhase section */
		412214BF18FA58DA0091CF7C /* Sources */ = {
			isa = PBXSourcesBuildPhase;
			buildActionMask = 2147483647;
			files = (
				412214DC18FA58DA0091CF7C /* Notepad.xcdatamodeld in Sources */,
				418C559518FA60560034B617 /* Notes.m in Sources */,
				418C559818FA655F0034B617 /* NoteEditViewController.m in Sources */,
				412214FF18FA59470091CF7C /* NoteListTableViewController.m in Sources */,
				412214D918FA58DA0091CF7C /* AppDelegate.m in Sources */,
				412214D518FA58DA0091CF7C /* main.m in Sources */,
			);
			runOnlyForDeploymentPostprocessing = 0;
		};
		412214DF18FA58DA0091CF7C /* Sources */ = {
			isa = PBXSourcesBuildPhase;
			buildActionMask = 2147483647;
			files = (
				412214F218FA58DA0091CF7C /* NotepadTests.m in Sources */,
			);
			runOnlyForDeploymentPostprocessing = 0;
		};
/* End PBXSourcesBuildPhase section */

/* Begin PBXTargetDependency section */
		412214EA18FA58DA0091CF7C /* PBXTargetDependency */ = {
			isa = PBXTargetDependency;
			target = 412214C218FA58DA0091CF7C /* Notepad */;
			targetProxy = 412214E918FA58DA0091CF7C /* PBXContainerItemProxy */;
		};
/* End PBXTargetDependency section */

/* Begin PBXVariantGroup section */
		412214D118FA58DA0091CF7C /* InfoPlist.strings */ = {
			isa = PBXVariantGroup;
			children = (
				412214D218FA58DA0091CF7C /* en */,
			);
			name = InfoPlist.strings;
			sourceTree = "<group>";
		};
		412214EE18FA58DA0091CF7C /* InfoPlist.strings */ = {
			isa = PBXVariantGroup;
			children = (
				412214EF18FA58DA0091CF7C /* en */,
			);
			name = InfoPlist.strings;
			sourceTree = "<group>";
		};
/* End PBXVariantGroup section */

/* Begin XCBuildConfiguration section */
		412214F318FA58DA0091CF7C /* Debug */ = {
			isa = XCBuildConfiguration;
			buildSettings = {
				ALWAYS_SEARCH_USER_PATHS = NO;
				CLANG_CXX_LANGUAGE_STANDARD = "gnu++0x";
				CLANG_CXX_LIBRARY = "libc++";
				CLANG_ENABLE_MODULES = YES;
				CLANG_ENABLE_OBJC_ARC = YES;
				CLANG_WARN_BOOL_CONVERSION = YES;
				CLANG_WARN_CONSTANT_CONVERSION = YES;
				CLANG_WARN_DIRECT_OBJC_ISA_USAGE = YES_ERROR;
				CLANG_WARN_EMPTY_BODY = YES;
				CLANG_WARN_ENUM_CONVERSION = YES;
				CLANG_WARN_INT_CONVERSION = YES;
				CLANG_WARN_OBJC_ROOT_CLASS = YES_ERROR;
				CLANG_WARN__DUPLICATE_METHOD_MATCH = YES;
				"CODE_SIGN_IDENTITY[sdk=iphoneos*]" = "iPhone Developer";
				COPY_PHASE_STRIP = NO;
				GCC_C_LANGUAGE_STANDARD = gnu99;
				GCC_DYNAMIC_NO_PIC = NO;
				GCC_OPTIMIZATION_LEVEL = 0;
				GCC_PREPROCESSOR_DEFINITIONS = (
					"DEBUG=1",
					"$(inherited)",
				);
				GCC_SYMBOLS_PRIVATE_EXTERN = NO;
				GCC_WARN_64_TO_32_BIT_CONVERSION = YES;
				GCC_WARN_ABOUT_RETURN_TYPE = YES_ERROR;
				GCC_WARN_UNDECLARED_SELECTOR = YES;
				GCC_WARN_UNINITIALIZED_AUTOS = YES_AGGRESSIVE;
				GCC_WARN_UNUSED_FUNCTION = YES;
				GCC_WARN_UNUSED_VARIABLE = YES;
				IPHONEOS_DEPLOYMENT_TARGET = 7.1;
				ONLY_ACTIVE_ARCH = YES;
				SDKROOT = iphoneos;
				TARGETED_DEVICE_FAMILY = "1,2";
			};
			name = Debug;
		};
		412214F418FA58DA0091CF7C /* Release */ = {
			isa = XCBuildConfiguration;
			buildSettings = {
				ALWAYS_SEARCH_USER_PATHS = NO;
				CLANG_CXX_LANGUAGE_STANDARD = "gnu++0x";
				CLANG_CXX_LIBRARY = "libc++";
				CLANG_ENABLE_MODULES = YES;
				CLANG_ENABLE_OBJC_ARC = YES;
				CLANG_WARN_BOOL_CONVERSION = YES;
				CLANG_WARN_CONSTANT_CONVERSION = YES;
				CLANG_WARN_DIRECT_OBJC_ISA_USAGE = YES_ERROR;
				CLANG_WARN_EMPTY_BODY = YES;
				CLANG_WARN_ENUM_CONVERSION = YES;
				CLANG_WARN_INT_CONVERSION = YES;
				CLANG_WARN_OBJC_ROOT_CLASS = YES_ERROR;
				CLANG_WARN__DUPLICATE_METHOD_MATCH = YES;
				"CODE_SIGN_IDENTITY[sdk=iphoneos*]" = "iPhone Developer";
				COPY_PHASE_STRIP = YES;
				ENABLE_NS_ASSERTIONS = NO;
				GCC_C_LANGUAGE_STANDARD = gnu99;
				GCC_WARN_64_TO_32_BIT_CONVERSION = YES;
				GCC_WARN_ABOUT_RETURN_TYPE = YES_ERROR;
				GCC_WARN_UNDECLARED_SELECTOR = YES;
				GCC_WARN_UNINITIALIZED_AUTOS = YES_AGGRESSIVE;
				GCC_WARN_UNUSED_FUNCTION = YES;
				GCC_WARN_UNUSED_VARIABLE = YES;
				IPHONEOS_DEPLOYMENT_TARGET = 7.1;
				SDKROOT = iphoneos;
				TARGETED_DEVICE_FAMILY = "1,2";
				VALIDATE_PRODUCT = YES;
			};
			name = Release;
		};
		412214F618FA58DA0091CF7C /* Debug */ = {
			isa = XCBuildConfiguration;
			buildSettings = {
				ASSETCATALOG_COMPILER_APPICON_NAME = AppIcon;
				ASSETCATALOG_COMPILER_LAUNCHIMAGE_NAME = LaunchImage;
				GCC_PRECOMPILE_PREFIX_HEADER = YES;
				GCC_PREFIX_HEADER = "Notepad/Notepad-Prefix.pch";
				INFOPLIST_FILE = "Notepad/Notepad-Info.plist";
				PRODUCT_NAME = "$(TARGET_NAME)";
				WRAPPER_EXTENSION = app;
			};
			name = Debug;
		};
		412214F718FA58DA0091CF7C /* Release */ = {
			isa = XCBuildConfiguration;
			buildSettings = {
				ASSETCATALOG_COMPILER_APPICON_NAME = AppIcon;
				ASSETCATALOG_COMPILER_LAUNCHIMAGE_NAME = LaunchImage;
				GCC_PRECOMPILE_PREFIX_HEADER = YES;
				GCC_PREFIX_HEADER = "Notepad/Notepad-Prefix.pch";
				INFOPLIST_FILE = "Notepad/Notepad-Info.plist";
				PRODUCT_NAME = "$(TARGET_NAME)";
				WRAPPER_EXTENSION = app;
			};
			name = Release;
		};
		412214F918FA58DA0091CF7C /* Debug */ = {
			isa = XCBuildConfiguration;
			buildSettings = {
				BUNDLE_LOADER = "$(BUILT_PRODUCTS_DIR)/Notepad.app/Notepad";
				FRAMEWORK_SEARCH_PATHS = (
					"$(SDKROOT)/Developer/Library/Frameworks",
					"$(inherited)",
					"$(DEVELOPER_FRAMEWORKS_DIR)",
				);
				GCC_PRECOMPILE_PREFIX_HEADER = YES;
				GCC_PREFIX_HEADER = "Notepad/Notepad-Prefix.pch";
				GCC_PREPROCESSOR_DEFINITIONS = (
					"DEBUG=1",
					"$(inherited)",
				);
				INFOPLIST_FILE = "NotepadTests/NotepadTests-Info.plist";
				PRODUCT_NAME = "$(TARGET_NAME)";
				TEST_HOST = "$(BUNDLE_LOADER)";
				WRAPPER_EXTENSION = xctest;
			};
			name = Debug;
		};
		412214FA18FA58DA0091CF7C /* Release */ = {
			isa = XCBuildConfiguration;
			buildSettings = {
				BUNDLE_LOADER = "$(BUILT_PRODUCTS_DIR)/Notepad.app/Notepad";
				FRAMEWORK_SEARCH_PATHS = (
					"$(SDKROOT)/Developer/Library/Frameworks",
					"$(inherited)",
					"$(DEVELOPER_FRAMEWORKS_DIR)",
				);
				GCC_PRECOMPILE_PREFIX_HEADER = YES;
				GCC_PREFIX_HEADER = "Notepad/Notepad-Prefix.pch";
				INFOPLIST_FILE = "NotepadTests/NotepadTests-Info.plist";
				PRODUCT_NAME = "$(TARGET_NAME)";
				TEST_HOST = "$(BUNDLE_LOADER)";
				WRAPPER_EXTENSION = xctest;
			};
			name = Release;
		};
/* End XCBuildConfiguration section */

/* Begin XCConfigurationList section */
		412214BE18FA58DA0091CF7C /* Build configuration list for PBXProject "Notepad" */ = {
			isa = XCConfigurationList;
			buildConfigurations = (
				412214F318FA58DA0091CF7C /* Debug */,
				412214F418FA58DA0091CF7C /* Release */,
			);
			defaultConfigurationIsVisible = 0;
			defaultConfigurationName = Release;
		};
		412214F518FA58DA0091CF7C /* Build configuration list for PBXNativeTarget "Notepad" */ = {
			isa = XCConfigurationList;
			buildConfigurations = (
				412214F618FA58DA0091CF7C /* Debug */,
				412214F718FA58DA0091CF7C /* Release */,
			);
			defaultConfigurationIsVisible = 0;
			defaultConfigurationName = Release;
		};
		412214F818FA58DA0091CF7C /* Build configuration list for PBXNativeTarget "NotepadTests" */ = {
			isa = XCConfigurationList;
			buildConfigurations = (
				412214F918FA58DA0091CF7C /* Debug */,
				412214FA18FA58DA0091CF7C /* Release */,
			);
			defaultConfigurationIsVisible = 0;
			defaultConfigurationName = Release;
		};
/* End XCConfigurationList section */

/* Begin XCVersionGroup section */
		412214DA18FA58DA0091CF7C /* Notepad.xcdatamodeld */ = {
			isa = XCVersionGroup;
			children = (
				412214DB18FA58DA0091CF7C /* Notepad.xcdatamodel */,
			);
			currentVersion = 412214DB18FA58DA0091CF7C /* Notepad.xcdatamodel */;
			path = Notepad.xcdatamodeld;
			sourceTree = "<group>";
			versionGroupType = wrapper.xcdatamodel;
		};
/* End XCVersionGroup section */
	};
	rootObject = 412214BB18FA58DA0091CF7C /* Project object */;
}
